// !$*UTF8*$!
{
	archiveVersion = 1;
	classes = {
	};
	objectVersion = 50;
	objects = {

/* Begin PBXBuildFile section */
		65DB8A9C2362D96A00045675 /* AppDelegate.swift in Sources */ = {isa = PBXBuildFile; fileRef = 65DB8A9B2362D96A00045675 /* AppDelegate.swift */; };
		65DB8A9E2362D96A00045675 /* SceneDelegate.swift in Sources */ = {isa = PBXBuildFile; fileRef = 65DB8A9D2362D96A00045675 /* SceneDelegate.swift */; };
		65DB8AA02362D96A00045675 /* ViewController.swift in Sources */ = {isa = PBXBuildFile; fileRef = 65DB8A9F2362D96A00045675 /* ViewController.swift */; };
		65DB8AA32362D96A00045675 /* Main.storyboard in Resources */ = {isa = PBXBuildFile; fileRef = 65DB8AA12362D96A00045675 /* Main.storyboard */; };
		65DB8AA52362D98200045675 /* Assets.xcassets in Resources */ = {isa = PBXBuildFile; fileRef = 65DB8AA42362D98200045675 /* Assets.xcassets */; };
		65DB8AA82362D98200045675 /* LaunchScreen.storyboard in Resources */ = {isa = PBXBuildFile; fileRef = 65DB8AA62362D98200045675 /* LaunchScreen.storyboard */; };
		65DB8AB32362D98300045675 /* SportsPlayersTests.swift in Sources */ = {isa = PBXBuildFile; fileRef = 65DB8AB22362D98300045675 /* SportsPlayersTests.swift */; };
		65DB8ABE2362D98300045675 /* SportsPlayersUITests.swift in Sources */ = {isa = PBXBuildFile; fileRef = 65DB8ABD2362D98300045675 /* SportsPlayersUITests.swift */; };
/* End PBXBuildFile section */

/* Begin PBXContainerItemProxy section */
		65DB8AAF2362D98300045675 /* PBXContainerItemProxy */ = {
			isa = PBXContainerItemProxy;
			containerPortal = 65DB8A902362D96A00045675 /* Project object */;
			proxyType = 1;
			remoteGlobalIDString = 65DB8A972362D96A00045675;
			remoteInfo = SportsPlayers;
		};
		65DB8ABA2362D98300045675 /* PBXContainerItemProxy */ = {
			isa = PBXContainerItemProxy;
			containerPortal = 65DB8A902362D96A00045675 /* Project object */;
			proxyType = 1;
			remoteGlobalIDString = 65DB8A972362D96A00045675;
			remoteInfo = SportsPlayers;
		};
/* End PBXContainerItemProxy section */

/* Begin PBXFileReference section */
		65DB8A982362D96A00045675 /* SportsPlayers.app */ = {isa = PBXFileReference; explicitFileType = wrapper.application; includeInIndex = 0; path = SportsPlayers.app; sourceTree = BUILT_PRODUCTS_DIR; };
		65DB8A9B2362D96A00045675 /* AppDelegate.swift */ = {isa = PBXFileReference; lastKnownFileType = sourcecode.swift; path = AppDelegate.swift; sourceTree = "<group>"; };
		65DB8A9D2362D96A00045675 /* SceneDelegate.swift */ = {isa = PBXFileReference; lastKnownFileType = sourcecode.swift; path = SceneDelegate.swift; sourceTree = "<group>"; };
		65DB8A9F2362D96A00045675 /* ViewController.swift */ = {isa = PBXFileReference; lastKnownFileType = sourcecode.swift; path = ViewController.swift; sourceTree = "<group>"; };
		65DB8AA22362D96A00045675 /* Base */ = {isa = PBXFileReference; lastKnownFileType = file.storyboard; name = Base; path = Base.lproj/Main.storyboard; sourceTree = "<group>"; };
		65DB8AA42362D98200045675 /* Assets.xcassets */ = {isa = PBXFileReference; lastKnownFileType = folder.assetcatalog; path = Assets.xcassets; sourceTree = "<group>"; };
		65DB8AA72362D98200045675 /* Base */ = {isa = PBXFileReference; lastKnownFileType = file.storyboard; name = Base; path = Base.lproj/LaunchScreen.storyboard; sourceTree = "<group>"; };
		65DB8AA92362D98200045675 /* Info.plist */ = {isa = PBXFileReference; lastKnownFileType = text.plist.xml; path = Info.plist; sourceTree = "<group>"; };
		65DB8AAE2362D98300045675 /* SportsPlayersTests.xctest */ = {isa = PBXFileReference; explicitFileType = wrapper.cfbundle; includeInIndex = 0; path = SportsPlayersTests.xctest; sourceTree = BUILT_PRODUCTS_DIR; };
		65DB8AB22362D98300045675 /* SportsPlayersTests.swift */ = {isa = PBXFileReference; lastKnownFileType = sourcecode.swift; path = SportsPlayersTests.swift; sourceTree = "<group>"; };
		65DB8AB42362D98300045675 /* Info.plist */ = {isa = PBXFileReference; lastKnownFileType = text.plist.xml; path = Info.plist; sourceTree = "<group>"; };
		65DB8AB92362D98300045675 /* SportsPlayersUITests.xctest */ = {isa = PBXFileReference; explicitFileType = wrapper.cfbundle; includeInIndex = 0; path = SportsPlayersUITests.xctest; sourceTree = BUILT_PRODUCTS_DIR; };
		65DB8ABD2362D98300045675 /* SportsPlayersUITests.swift */ = {isa = PBXFileReference; lastKnownFileType = sourcecode.swift; path = SportsPlayersUITests.swift; sourceTree = "<group>"; };
		65DB8ABF2362D98300045675 /* Info.plist */ = {isa = PBXFileReference; lastKnownFileType = text.plist.xml; path = Info.plist; sourceTree = "<group>"; };
/* End PBXFileReference section */

/* Begin PBXFrameworksBuildPhase section */
		65DB8A952362D96A00045675 /* Frameworks */ = {
			isa = PBXFrameworksBuildPhase;
			buildActionMask = 2147483647;
			files = (
			);
			runOnlyForDeploymentPostprocessing = 0;
		};
		65DB8AAB2362D98300045675 /* Frameworks */ = {
			isa = PBXFrameworksBuildPhase;
			buildActionMask = 2147483647;
			files = (
			);
			runOnlyForDeploymentPostprocessing = 0;
		};
		65DB8AB62362D98300045675 /* Frameworks */ = {
			isa = PBXFrameworksBuildPhase;
			buildActionMask = 2147483647;
			files = (
			);
			runOnlyForDeploymentPostprocessing = 0;
		};
/* End PBXFrameworksBuildPhase section */

/* Begin PBXGroup section */
		65DB8A8F2362D96A00045675 = {
			isa = PBXGroup;
			children = (
				65DB8A9A2362D96A00045675 /* SportsPlayers */,
				65DB8AB12362D98300045675 /* SportsPlayersTests */,
				65DB8ABC2362D98300045675 /* SportsPlayersUITests */,
				65DB8A992362D96A00045675 /* Products */,
			);
			sourceTree = "<group>";
		};
		65DB8A992362D96A00045675 /* Products */ = {
			isa = PBXGroup;
			children = (
				65DB8A982362D96A00045675 /* SportsPlayers.app */,
				65DB8AAE2362D98300045675 /* SportsPlayersTests.xctest */,
				65DB8AB92362D98300045675 /* SportsPlayersUITests.xctest */,
			);
			name = Products;
			sourceTree = "<group>";
		};
		65DB8A9A2362D96A00045675 /* SportsPlayers */ = {
			isa = PBXGroup;
			children = (
				65DB8A9B2362D96A00045675 /* AppDelegate.swift */,
				65DB8A9D2362D96A00045675 /* SceneDelegate.swift */,
				65DB8A9F2362D96A00045675 /* ViewController.swift */,
				65DB8AA12362D96A00045675 /* Main.storyboard */,
				65DB8AA42362D98200045675 /* Assets.xcassets */,
				65DB8AA62362D98200045675 /* LaunchScreen.storyboard */,
				65DB8AA92362D98200045675 /* Info.plist */,
			);
			path = SportsPlayers;
			sourceTree = "<group>";
		};
		65DB8AB12362D98300045675 /* SportsPlayersTests */ = {
			isa = PBXGroup;
			children = (
				65DB8AB22362D98300045675 /* SportsPlayersTests.swift */,
				65DB8AB42362D98300045675 /* Info.plist */,
			);
			path = SportsPlayersTests;
			sourceTree = "<group>";
		};
		65DB8ABC2362D98300045675 /* SportsPlayersUITests */ = {
			isa = PBXGroup;
			children = (
				65DB8ABD2362D98300045675 /* SportsPlayersUITests.swift */,
				65DB8ABF2362D98300045675 /* Info.plist */,
			);
			path = SportsPlayersUITests;
			sourceTree = "<group>";
		};
/* End PBXGroup section */

/* Begin PBXNativeTarget section */
		65DB8A972362D96A00045675 /* SportsPlayers */ = {
			isa = PBXNativeTarget;
			buildConfigurationList = 65DB8AC22362D98400045675 /* Build configuration list for PBXNativeTarget "SportsPlayers" */;
			buildPhases = (
				65DB8A942362D96A00045675 /* Sources */,
				65DB8A952362D96A00045675 /* Frameworks */,
				65DB8A962362D96A00045675 /* Resources */,
			);
			buildRules = (
			);
			dependencies = (
			);
			name = SportsPlayers;
			productName = SportsPlayers;
			productReference = 65DB8A982362D96A00045675 /* SportsPlayers.app */;
			productType = "com.apple.product-type.application";
		};
		65DB8AAD2362D98300045675 /* SportsPlayersTests */ = {
			isa = PBXNativeTarget;
			buildConfigurationList = 65DB8AC52362D98400045675 /* Build configuration list for PBXNativeTarget "SportsPlayersTests" */;
			buildPhases = (
				65DB8AAA2362D98300045675 /* Sources */,
				65DB8AAB2362D98300045675 /* Frameworks */,
				65DB8AAC2362D98300045675 /* Resources */,
			);
			buildRules = (
			);
			dependencies = (
				65DB8AB02362D98300045675 /* PBXTargetDependency */,
			);
			name = SportsPlayersTests;
			productName = SportsPlayersTests;
			productReference = 65DB8AAE2362D98300045675 /* SportsPlayersTests.xctest */;
			productType = "com.apple.product-type.bundle.unit-test";
		};
		65DB8AB82362D98300045675 /* SportsPlayersUITests */ = {
			isa = PBXNativeTarget;
			buildConfigurationList = 65DB8AC82362D98400045675 /* Build configuration list for PBXNativeTarget "SportsPlayersUITests" */;
			buildPhases = (
				65DB8AB52362D98300045675 /* Sources */,
				65DB8AB62362D98300045675 /* Frameworks */,
				65DB8AB72362D98300045675 /* Resources */,
			);
			buildRules = (
			);
			dependencies = (
				65DB8ABB2362D98300045675 /* PBXTargetDependency */,
			);
			name = SportsPlayersUITests;
			productName = SportsPlayersUITests;
			productReference = 65DB8AB92362D98300045675 /* SportsPlayersUITests.xctest */;
			productType = "com.apple.product-type.bundle.ui-testing";
		};
/* End PBXNativeTarget section */

/* Begin PBXProject section */
		65DB8A902362D96A00045675 /* Project object */ = {
			isa = PBXProject;
			attributes = {
				LastSwiftUpdateCheck = 1110;
				LastUpgradeCheck = 1110;
				ORGANIZATIONNAME = "Carlos Monfort";
				TargetAttributes = {
					65DB8A972362D96A00045675 = {
						CreatedOnToolsVersion = 11.1;
					};
					65DB8AAD2362D98300045675 = {
						CreatedOnToolsVersion = 11.1;
						TestTargetID = 65DB8A972362D96A00045675;
					};
					65DB8AB82362D98300045675 = {
						CreatedOnToolsVersion = 11.1;
						TestTargetID = 65DB8A972362D96A00045675;
					};
				};
			};
			buildConfigurationList = 65DB8A932362D96A00045675 /* Build configuration list for PBXProject "SportsPlayers" */;
			compatibilityVersion = "Xcode 9.3";
			developmentRegion = en;
			hasScannedForEncodings = 0;
			knownRegions = (
				en,
				Base,
			);
			mainGroup = 65DB8A8F2362D96A00045675;
			productRefGroup = 65DB8A992362D96A00045675 /* Products */;
			projectDirPath = "";
			projectRoot = "";
			targets = (
				65DB8A972362D96A00045675 /* SportsPlayers */,
				65DB8AAD2362D98300045675 /* SportsPlayersTests */,
				65DB8AB82362D98300045675 /* SportsPlayersUITests */,
			);
		};
/* End PBXProject section */

/* Begin PBXResourcesBuildPhase section */
		65DB8A962362D96A00045675 /* Resources */ = {
			isa = PBXResourcesBuildPhase;
			buildActionMask = 2147483647;
			files = (
				65DB8AA82362D98200045675 /* LaunchScreen.storyboard in Resources */,
				65DB8AA52362D98200045675 /* Assets.xcassets in Resources */,
				65DB8AA32362D96A00045675 /* Main.storyboard in Resources */,
			);
			runOnlyForDeploymentPostprocessing = 0;
		};
		65DB8AAC2362D98300045675 /* Resources */ = {
			isa = PBXResourcesBuildPhase;
			buildActionMask = 2147483647;
			files = (
			);
			runOnlyForDeploymentPostprocessing = 0;
		};
		65DB8AB72362D98300045675 /* Resources */ = {
			isa = PBXResourcesBuildPhase;
			buildActionMask = 2147483647;
			files = (
			);
			runOnlyForDeploymentPostprocessing = 0;
		};
/* End PBXResourcesBuildPhase section */

/* Begin PBXSourcesBuildPhase section */
		65DB8A942362D96A00045675 /* Sources */ = {
			isa = PBXSourcesBuildPhase;
			buildActionMask = 2147483647;
			files = (
				65DB8AA02362D96A00045675 /* ViewController.swift in Sources */,
				65DB8A9C2362D96A00045675 /* AppDelegate.swift in Sources */,
				65DB8A9E2362D96A00045675 /* SceneDelegate.swift in Sources */,
			);
			runOnlyForDeploymentPostprocessing = 0;
		};
		65DB8AAA2362D98300045675 /* Sources */ = {
			isa = PBXSourcesBuildPhase;
			buildActionMask = 2147483647;
			files = (
				65DB8AB32362D98300045675 /* SportsPlayersTests.swift in Sources */,
			);
			runOnlyForDeploymentPostprocessing = 0;
		};
		65DB8AB52362D98300045675 /* Sources */ = {
			isa = PBXSourcesBuildPhase;
			buildActionMask = 2147483647;
			files = (
				65DB8ABE2362D98300045675 /* SportsPlayersUITests.swift in Sources */,
			);
			runOnlyForDeploymentPostprocessing = 0;
		};
/* End PBXSourcesBuildPhase section */

/* Begin PBXTargetDependency section */
		65DB8AB02362D98300045675 /* PBXTargetDependency */ = {
			isa = PBXTargetDependency;
			target = 65DB8A972362D96A00045675 /* SportsPlayers */;
			targetProxy = 65DB8AAF2362D98300045675 /* PBXContainerItemProxy */;
		};
		65DB8ABB2362D98300045675 /* PBXTargetDependency */ = {
			isa = PBXTargetDependency;
			target = 65DB8A972362D96A00045675 /* SportsPlayers */;
			targetProxy = 65DB8ABA2362D98300045675 /* PBXContainerItemProxy */;
		};
/* End PBXTargetDependency section */

/* Begin PBXVariantGroup section */
		65DB8AA12362D96A00045675 /* Main.storyboard */ = {
			isa = PBXVariantGroup;
			children = (
				65DB8AA22362D96A00045675 /* Base */,
			);
			name = Main.storyboard;
			sourceTree = "<group>";
		};
		65DB8AA62362D98200045675 /* LaunchScreen.storyboard */ = {
			isa = PBXVariantGroup;
			children = (
				65DB8AA72362D98200045675 /* Base */,
			);
			name = LaunchScreen.storyboard;
			sourceTree = "<group>";
		};
/* End PBXVariantGroup section */

/* Begin XCBuildConfiguration section */
		65DB8AC02362D98300045675 /* Debug */ = {
			isa = XCBuildConfiguration;
			buildSettings = {
				ALWAYS_SEARCH_USER_PATHS = NO;
				CLANG_ANALYZER_NONNULL = YES;
				CLANG_ANALYZER_NUMBER_OBJECT_CONVERSION = YES_AGGRESSIVE;
				CLANG_CXX_LANGUAGE_STANDARD = "gnu++14";
				CLANG_CXX_LIBRARY = "libc++";
				CLANG_ENABLE_MODULES = YES;
				CLANG_ENABLE_OBJC_ARC = YES;
				CLANG_ENABLE_OBJC_WEAK = YES;
				CLANG_WARN_BLOCK_CAPTURE_AUTORELEASING = YES;
				CLANG_WARN_BOOL_CONVERSION = YES;
				CLANG_WARN_COMMA = YES;
				CLANG_WARN_CONSTANT_CONVERSION = YES;
				CLANG_WARN_DEPRECATED_OBJC_IMPLEMENTATIONS = YES;
				CLANG_WARN_DIRECT_OBJC_ISA_USAGE = YES_ERROR;
				CLANG_WARN_DOCUMENTATION_COMMENTS = YES;
				CLANG_WARN_EMPTY_BODY = YES;
				CLANG_WARN_ENUM_CONVERSION = YES;
				CLANG_WARN_INFINITE_RECURSION = YES;
				CLANG_WARN_INT_CONVERSION = YES;
				CLANG_WARN_NON_LITERAL_NULL_CONVERSION = YES;
				CLANG_WARN_OBJC_IMPLICIT_RETAIN_SELF = YES;
				CLANG_WARN_OBJC_LITERAL_CONVERSION = YES;
				CLANG_WARN_OBJC_ROOT_CLASS = YES_ERROR;
				CLANG_WARN_RANGE_LOOP_ANALYSIS = YES;
				CLANG_WARN_STRICT_PROTOTYPES = YES;
				CLANG_WARN_SUSPICIOUS_MOVE = YES;
				CLANG_WARN_UNGUARDED_AVAILABILITY = YES_AGGRESSIVE;
				CLANG_WARN_UNREACHABLE_CODE = YES;
				CLANG_WARN__DUPLICATE_METHOD_MATCH = YES;
				COPY_PHASE_STRIP = NO;
				DEBUG_INFORMATION_FORMAT = dwarf;
				ENABLE_STRICT_OBJC_MSGSEND = YES;
				ENABLE_TESTABILITY = YES;
				GCC_C_LANGUAGE_STANDARD = gnu11;
				GCC_DYNAMIC_NO_PIC = NO;
				GCC_NO_COMMON_BLOCKS = YES;
				GCC_OPTIMIZATION_LEVEL = 0;
				GCC_PREPROCESSOR_DEFINITIONS = (
					"DEBUG=1",
					"$(inherited)",
				);
				GCC_WARN_64_TO_32_BIT_CONVERSION = YES;
				GCC_WARN_ABOUT_RETURN_TYPE = YES_ERROR;
				GCC_WARN_UNDECLARED_SELECTOR = YES;
				GCC_WARN_UNINITIALIZED_AUTOS = YES_AGGRESSIVE;
				GCC_WARN_UNUSED_FUNCTION = YES;
				GCC_WARN_UNUSED_VARIABLE = YES;
				IPHONEOS_DEPLOYMENT_TARGET = 13.1;
				MTL_ENABLE_DEBUG_INFO = INCLUDE_SOURCE;
				MTL_FAST_MATH = YES;
				ONLY_ACTIVE_ARCH = YES;
				SDKROOT = iphoneos;
				SWIFT_ACTIVE_COMPILATION_CONDITIONS = DEBUG;
				SWIFT_OPTIMIZATION_LEVEL = "-Onone";
			};
			name = Debug;
		};
		65DB8AC12362D98400045675 /* Release */ = {
			isa = XCBuildConfiguration;
			buildSettings = {
				ALWAYS_SEARCH_USER_PATHS = NO;
				CLANG_ANALYZER_NONNULL = YES;
				CLANG_ANALYZER_NUMBER_OBJECT_CONVERSION = YES_AGGRESSIVE;
				CLANG_CXX_LANGUAGE_STANDARD = "gnu++14";
				CLANG_CXX_LIBRARY = "libc++";
				CLANG_ENABLE_MODULES = YES;
				CLANG_ENABLE_OBJC_ARC = YES;
				CLANG_ENABLE_OBJC_WEAK = YES;
				CLANG_WARN_BLOCK_CAPTURE_AUTORELEASING = YES;
				CLANG_WARN_BOOL_CONVERSION = YES;
				CLANG_WARN_COMMA = YES;
				CLANG_WARN_CONSTANT_CONVERSION = YES;
				CLANG_WARN_DEPRECATED_OBJC_IMPLEMENTATIONS = YES;
				CLANG_WARN_DIRECT_OBJC_ISA_USAGE = YES_ERROR;
				CLANG_WARN_DOCUMENTATION_COMMENTS = YES;
				CLANG_WARN_EMPTY_BODY = YES;
				CLANG_WARN_ENUM_CONVERSION = YES;
				CLANG_WARN_INFINITE_RECURSION = YES;
				CLANG_WARN_INT_CONVERSION = YES;
				CLANG_WARN_NON_LITERAL_NULL_CONVERSION = YES;
				CLANG_WARN_OBJC_IMPLICIT_RETAIN_SELF = YES;
				CLANG_WARN_OBJC_LITERAL_CONVERSION = YES;
				CLANG_WARN_OBJC_ROOT_CLASS = YES_ERROR;
				CLANG_WARN_RANGE_LOOP_ANALYSIS = YES;
				CLANG_WARN_STRICT_PROTOTYPES = YES;
				CLANG_WARN_SUSPICIOUS_MOVE = YES;
				CLANG_WARN_UNGUARDED_AVAILABILITY = YES_AGGRESSIVE;
				CLANG_WARN_UNREACHABLE_CODE = YES;
				CLANG_WARN__DUPLICATE_METHOD_MATCH = YES;
				COPY_PHASE_STRIP = NO;
				DEBUG_INFORMATION_FORMAT = "dwarf-with-dsym";
				ENABLE_NS_ASSERTIONS = NO;
				ENABLE_STRICT_OBJC_MSGSEND = YES;
				GCC_C_LANGUAGE_STANDARD = gnu11;
				GCC_NO_COMMON_BLOCKS = YES;
				GCC_WARN_64_TO_32_BIT_CONVERSION = YES;
				GCC_WARN_ABOUT_RETURN_TYPE = YES_ERROR;
				GCC_WARN_UNDECLARED_SELECTOR = YES;
				GCC_WARN_UNINITIALIZED_AUTOS = YES_AGGRESSIVE;
				GCC_WARN_UNUSED_FUNCTION = YES;
				GCC_WARN_UNUSED_VARIABLE = YES;
				IPHONEOS_DEPLOYMENT_TARGET = 13.1;
				MTL_ENABLE_DEBUG_INFO = NO;
				MTL_FAST_MATH = YES;
				SDKROOT = iphoneos;
				SWIFT_COMPILATION_MODE = wholemodule;
				SWIFT_OPTIMIZATION_LEVEL = "-O";
				VALIDATE_PRODUCT = YES;
			};
			name = Release;
		};
		65DB8AC32362D98400045675 /* Debug */ = {
			isa = XCBuildConfiguration;
			buildSettings = {
				ASSETCATALOG_COMPILER_APPICON_NAME = AppIcon;
				CODE_SIGN_STYLE = Automatic;
				DEVELOPMENT_TEAM = 4BC2PWL3D8;
				INFOPLIST_FILE = SportsPlayers/Info.plist;
				LD_RUNPATH_SEARCH_PATHS = (
					"$(inherited)",
					"@executable_path/Frameworks",
				);
				PRODUCT_BUNDLE_IDENTIFIER = com.carlosmonfort.SportsPlayers;
				PRODUCT_NAME = "$(TARGET_NAME)";
				SWIFT_VERSION = 5.0;
				TARGETED_DEVICE_FAMILY = "1,2";
			};
			name = Debug;
		};
		65DB8AC42362D98400045675 /* Release */ = {
			isa = XCBuildConfiguration;
			buildSettings = {
				ASSETCATALOG_COMPILER_APPICON_NAME = AppIcon;
				CODE_SIGN_STYLE = Automatic;
				DEVELOPMENT_TEAM = 4BC2PWL3D8;
				INFOPLIST_FILE = SportsPlayers/Info.plist;
				LD_RUNPATH_SEARCH_PATHS = (
					"$(inherited)",
					"@executable_path/Frameworks",
				);
				PRODUCT_BUNDLE_IDENTIFIER = com.carlosmonfort.SportsPlayers;
				PRODUCT_NAME = "$(TARGET_NAME)";
				SWIFT_VERSION = 5.0;
				TARGETED_DEVICE_FAMILY = "1,2";
			};
			name = Release;
		};
		65DB8AC62362D98400045675 /* Debug */ = {
			isa = XCBuildConfiguration;
			buildSettings = {
				ALWAYS_EMBED_SWIFT_STANDARD_LIBRARIES = YES;
				BUNDLE_LOADER = "$(TEST_HOST)";
				CODE_SIGN_STYLE = Automatic;
				DEVELOPMENT_TEAM = 4BC2PWL3D8;
				INFOPLIST_FILE = SportsPlayersTests/Info.plist;
				IPHONEOS_DEPLOYMENT_TARGET = 13.1;
				LD_RUNPATH_SEARCH_PATHS = (
					"$(inherited)",
					"@executable_path/Frameworks",
					"@loader_path/Frameworks",
				);
				PRODUCT_BUNDLE_IDENTIFIER = com.carlosmonfort.SportsPlayersTests;
				PRODUCT_NAME = "$(TARGET_NAME)";
				SWIFT_VERSION = 5.0;
				TARGETED_DEVICE_FAMILY = "1,2";
				TEST_HOST = "$(BUILT_PRODUCTS_DIR)/SportsPlayers.app/SportsPlayers";
			};
			name = Debug;
		};
		65DB8AC72362D98400045675 /* Release */ = {
			isa = XCBuildConfiguration;
			buildSettings = {
				ALWAYS_EMBED_SWIFT_STANDARD_LIBRARIES = YES;
				BUNDLE_LOADER = "$(TEST_HOST)";
				CODE_SIGN_STYLE = Automatic;
				DEVELOPMENT_TEAM = 4BC2PWL3D8;
				INFOPLIST_FILE = SportsPlayersTests/Info.plist;
				IPHONEOS_DEPLOYMENT_TARGET = 13.1;
				LD_RUNPATH_SEARCH_PATHS = (
					"$(inherited)",
					"@executable_path/Frameworks",
					"@loader_path/Frameworks",
				);
				PRODUCT_BUNDLE_IDENTIFIER = com.carlosmonfort.SportsPlayersTests;
				PRODUCT_NAME = "$(TARGET_NAME)";
				SWIFT_VERSION = 5.0;
				TARGETED_DEVICE_FAMILY = "1,2";
				TEST_HOST = "$(BUILT_PRODUCTS_DIR)/SportsPlayers.app/SportsPlayers";
			};
			name = Release;
		};
		65DB8AC92362D98400045675 /* Debug */ = {
			isa = XCBuildConfiguration;
			buildSettings = {
				ALWAYS_EMBED_SWIFT_STANDARD_LIBRARIES = YES;
				CODE_SIGN_STYLE = Automatic;
				DEVELOPMENT_TEAM = 4BC2PWL3D8;
				INFOPLIST_FILE = SportsPlayersUITests/Info.plist;
				LD_RUNPATH_SEARCH_PATHS = (
					"$(inherited)",
					"@executable_path/Frameworks",
					"@loader_path/Frameworks",
				);
				PRODUCT_BUNDLE_IDENTIFIER = com.carlosmonfort.SportsPlayersUITests;
				PRODUCT_NAME = "$(TARGET_NAME)";
				SWIFT_VERSION = 5.0;
				TARGETED_DEVICE_FAMILY = "1,2";
				TEST_TARGET_NAME = SportsPlayers;
			};
			name = Debug;
		};
		65DB8ACA2362D98400045675 /* Release */ = {
			isa = XCBuildConfiguration;
			buildSettings = {
				ALWAYS_EMBED_SWIFT_STANDARD_LIBRARIES = YES;
				CODE_SIGN_STYLE = Automatic;
				DEVELOPMENT_TEAM = 4BC2PWL3D8;
				INFOPLIST_FILE = SportsPlayersUITests/Info.plist;
				LD_RUNPATH_SEARCH_PATHS = (
					"$(inherited)",
					"@executable_path/Frameworks",
					"@loader_path/Frameworks",
				);
				PRODUCT_BUNDLE_IDENTIFIER = com.carlosmonfort.SportsPlayersUITests;
				PRODUCT_NAME = "$(TARGET_NAME)";
				SWIFT_VERSION = 5.0;
				TARGETED_DEVICE_FAMILY = "1,2";
				TEST_TARGET_NAME = SportsPlayers;
			};
			name = Release;
		};
/* End XCBuildConfiguration section */

/* Begin XCConfigurationList section */
		65DB8A932362D96A00045675 /* Build configuration list for PBXProject "SportsPlayers" */ = {
			isa = XCConfigurationList;
			buildConfigurations = (
				65DB8AC02362D98300045675 /* Debug */,
				65DB8AC12362D98400045675 /* Release */,
			);
			defaultConfigurationIsVisible = 0;
			defaultConfigurationName = Release;
		};
		65DB8AC22362D98400045675 /* Build configuration list for PBXNativeTarget "SportsPlayers" */ = {
			isa = XCConfigurationList;
			buildConfigurations = (
				65DB8AC32362D98400045675 /* Debug */,
				65DB8AC42362D98400045675 /* Release */,
			);
			defaultConfigurationIsVisible = 0;
			defaultConfigurationName = Release;
		};
		65DB8AC52362D98400045675 /* Build configuration list for PBXNativeTarget "SportsPlayersTests" */ = {
			isa = XCConfigurationList;
			buildConfigurations = (
				65DB8AC62362D98400045675 /* Debug */,
				65DB8AC72362D98400045675 /* Release */,
			);
			defaultConfigurationIsVisible = 0;
			defaultConfigurationName = Release;
		};
		65DB8AC82362D98400045675 /* Build configuration list for PBXNativeTarget "SportsPlayersUITests" */ = {
			isa = XCConfigurationList;
			buildConfigurations = (
				65DB8AC92362D98400045675 /* Debug */,
				65DB8ACA2362D98400045675 /* Release */,
			);
			defaultConfigurationIsVisible = 0;
			defaultConfigurationName = Release;
		};
/* End XCConfigurationList section */
	};
	rootObject = 65DB8A902362D96A00045675 /* Project object */;
}
